
Microsoft Visual Studio Solution File, Format Version 12.00
# Visual Studio Version 17
VisualStudioVersion = 17.0.31903.59
MinimumVisualStudioVersion = 10.0.40219.1
Project("{2150E333-8FDC-42A3-9474-1A3956D46DE8}") = "src", "src", "{0AA718F3-4629-4960-8600-1AAB34A438EF}"
EndProject
Project("{2150E333-8FDC-42A3-9474-1A3956D46DE8}") = "Tests", "Tests", "{2572D419-6A79-4615-B4DB-E7DF58F2B253}"
EndProject
Project("{FAE04EC0-301F-11D3-BF4B-00C04F79EFBC}") = "Identity", "src\Tests\Identity\Identity.csproj", "{ED7741B6-A28E-4172-A9FD-666C9CA79BD3}"
EndProject
Project("{FAE04EC0-301F-11D3-BF4B-00C04F79EFBC}") = "Basket", "src\Tests\Basket\Basket.csproj", "{0AD429BD-0A44-4A25-8632-AA671139AAF0}"
EndProject
Project("{FAE04EC0-301F-11D3-BF4B-00C04F79EFBC}") = "WebApps", "src\Tests\WebApps\WebApps.csproj", "{56180850-631E-4979-91BB-4D3CF2E82784}"
EndProject
Project("{FAE04EC0-301F-11D3-BF4B-00C04F79EFBC}") = "Payments", "src\Tests\Payments\Payments.csproj", "{8E206791-A510-4C71-B05F-FABEC4654CFC}"
EndProject
Project("{FAE04EC0-301F-11D3-BF4B-00C04F79EFBC}") = "Orders", "src\Tests\Orders\Orders.csproj", "{72C57D0B-7E2C-4750-8CF4-B245F3AF56EB}"
EndProject
Project("{FAE04EC0-301F-11D3-BF4B-00C04F79EFBC}") = "LinkEcommerce.AppHost", "src\LinkEcommerce.AppHost\LinkEcommerce.AppHost.csproj", "{2C5F74B3-DE1B-46E5-A7BF-C7CD61A3FB59}"
EndProject
Project("{FAE04EC0-301F-11D3-BF4B-00C04F79EFBC}") = "LinkEcommerce.ServiceDefaults", "src\LinkEcommerce.ServiceDefaults\LinkEcommerce.ServiceDefaults.csproj", "{8EF837F9-C40B-460F-B7BC-1D1C93FD3401}"
EndProject
Project("{2150E333-8FDC-42A3-9474-1A3956D46DE8}") = "Services", "Services", "{0CB5983F-7701-4C9B-9971-1517B299D5FA}"
EndProject
Project("{FAE04EC0-301F-11D3-BF4B-00C04F79EFBC}") = "Identity", "src\Services\Identity\Identity.csproj", "{8F6022CB-0831-46AD-8679-2FE714DB259F}"
EndProject
Project("{FAE04EC0-301F-11D3-BF4B-00C04F79EFBC}") = "Basket", "src\Services\Basket\Basket.csproj", "{39361FB9-EAFD-418E-82EE-78DEB97B4A4E}"
EndProject
Project("{FAE04EC0-301F-11D3-BF4B-00C04F79EFBC}") = "Payments", "src\Services\Payments\Payments.csproj", "{ABC2A9E6-7DB4-469E-B31B-7AA496ED98B6}"
EndProject
Project("{FAE04EC0-301F-11D3-BF4B-00C04F79EFBC}") = "Orders", "src\Services\Orders\Orders.csproj", "{A064A752-6229-482F-B3FC-F4E39474C897}"
EndProject
Project("{FAE04EC0-301F-11D3-BF4B-00C04F79EFBC}") = "Catalogs", "src\Services\Catalogs\Catalogs.csproj", "{0EAB58D9-76E5-4635-AB88-4008EE8BA499}"
EndProject
Global
	GlobalSection(SolutionConfigurationPlatforms) = preSolution
		Debug|Any CPU = Debug|Any CPU
		Release|Any CPU = Release|Any CPU
	EndGlobalSection
	GlobalSection(SolutionProperties) = preSolution
		HideSolutionNode = FALSE
	EndGlobalSection
	GlobalSection(ProjectConfigurationPlatforms) = postSolution
		{ED7741B6-A28E-4172-A9FD-666C9CA79BD3}.Debug|Any CPU.ActiveCfg = Debug|Any CPU
		{ED7741B6-A28E-4172-A9FD-666C9CA79BD3}.Debug|Any CPU.Build.0 = Debug|Any CPU
		{ED7741B6-A28E-4172-A9FD-666C9CA79BD3}.Release|Any CPU.ActiveCfg = Release|Any CPU
		{ED7741B6-A28E-4172-A9FD-666C9CA79BD3}.Release|Any CPU.Build.0 = Release|Any CPU
		{0AD429BD-0A44-4A25-8632-AA671139AAF0}.Debug|Any CPU.ActiveCfg = Debug|Any CPU
		{0AD429BD-0A44-4A25-8632-AA671139AAF0}.Debug|Any CPU.Build.0 = Debug|Any CPU
		{0AD429BD-0A44-4A25-8632-AA671139AAF0}.Release|Any CPU.ActiveCfg = Release|Any CPU
		{0AD429BD-0A44-4A25-8632-AA671139AAF0}.Release|Any CPU.Build.0 = Release|Any CPU
		{56180850-631E-4979-91BB-4D3CF2E82784}.Debug|Any CPU.ActiveCfg = Debug|Any CPU
		{56180850-631E-4979-91BB-4D3CF2E82784}.Debug|Any CPU.Build.0 = Debug|Any CPU
		{56180850-631E-4979-91BB-4D3CF2E82784}.Release|Any CPU.ActiveCfg = Release|Any CPU
		{56180850-631E-4979-91BB-4D3CF2E82784}.Release|Any CPU.Build.0 = Release|Any CPU
		{8E206791-A510-4C71-B05F-FABEC4654CFC}.Debug|Any CPU.ActiveCfg = Debug|Any CPU
		{8E206791-A510-4C71-B05F-FABEC4654CFC}.Debug|Any CPU.Build.0 = Debug|Any CPU
		{8E206791-A510-4C71-B05F-FABEC4654CFC}.Release|Any CPU.ActiveCfg = Release|Any CPU
		{8E206791-A510-4C71-B05F-FABEC4654CFC}.Release|Any CPU.Build.0 = Release|Any CPU
		{72C57D0B-7E2C-4750-8CF4-B245F3AF56EB}.Debug|Any CPU.ActiveCfg = Debug|Any CPU
		{72C57D0B-7E2C-4750-8CF4-B245F3AF56EB}.Debug|Any CPU.Build.0 = Debug|Any CPU
		{72C57D0B-7E2C-4750-8CF4-B245F3AF56EB}.Release|Any CPU.ActiveCfg = Release|Any CPU
		{72C57D0B-7E2C-4750-8CF4-B245F3AF56EB}.Release|Any CPU.Build.0 = Release|Any CPU
		{2C5F74B3-DE1B-46E5-A7BF-C7CD61A3FB59}.Debug|Any CPU.ActiveCfg = Debug|Any CPU
		{2C5F74B3-DE1B-46E5-A7BF-C7CD61A3FB59}.Debug|Any CPU.Build.0 = Debug|Any CPU
		{2C5F74B3-DE1B-46E5-A7BF-C7CD61A3FB59}.Release|Any CPU.ActiveCfg = Release|Any CPU
		{2C5F74B3-DE1B-46E5-A7BF-C7CD61A3FB59}.Release|Any CPU.Build.0 = Release|Any CPU
		{8EF837F9-C40B-460F-B7BC-1D1C93FD3401}.Debug|Any CPU.ActiveCfg = Debug|Any CPU
		{8EF837F9-C40B-460F-B7BC-1D1C93FD3401}.Debug|Any CPU.Build.0 = Debug|Any CPU
		{8EF837F9-C40B-460F-B7BC-1D1C93FD3401}.Release|Any CPU.ActiveCfg = Release|Any CPU
		{8EF837F9-C40B-460F-B7BC-1D1C93FD3401}.Release|Any CPU.Build.0 = Release|Any CPU
		{8F6022CB-0831-46AD-8679-2FE714DB259F}.Debug|Any CPU.ActiveCfg = Debug|Any CPU
		{8F6022CB-0831-46AD-8679-2FE714DB259F}.Debug|Any CPU.Build.0 = Debug|Any CPU
		{8F6022CB-0831-46AD-8679-2FE714DB259F}.Release|Any CPU.ActiveCfg = Release|Any CPU
		{8F6022CB-0831-46AD-8679-2FE714DB259F}.Release|Any CPU.Build.0 = Release|Any CPU
		{39361FB9-EAFD-418E-82EE-78DEB97B4A4E}.Debug|Any CPU.ActiveCfg = Debug|Any CPU
		{39361FB9-EAFD-418E-82EE-78DEB97B4A4E}.Debug|Any CPU.Build.0 = Debug|Any CPU
		{39361FB9-EAFD-418E-82EE-78DEB97B4A4E}.Release|Any CPU.ActiveCfg = Release|Any CPU
		{39361FB9-EAFD-418E-82EE-78DEB97B4A4E}.Release|Any CPU.Build.0 = Release|Any CPU
		{ABC2A9E6-7DB4-469E-B31B-7AA496ED98B6}.Debug|Any CPU.ActiveCfg = Debug|Any CPU
		{ABC2A9E6-7DB4-469E-B31B-7AA496ED98B6}.Debug|Any CPU.Build.0 = Debug|Any CPU
		{ABC2A9E6-7DB4-469E-B31B-7AA496ED98B6}.Release|Any CPU.ActiveCfg = Release|Any CPU
		{ABC2A9E6-7DB4-469E-B31B-7AA496ED98B6}.Release|Any CPU.Build.0 = Release|Any CPU
		{A064A752-6229-482F-B3FC-F4E39474C897}.Debug|Any CPU.ActiveCfg = Debug|Any CPU
		{A064A752-6229-482F-B3FC-F4E39474C897}.Debug|Any CPU.Build.0 = Debug|Any CPU
		{A064A752-6229-482F-B3FC-F4E39474C897}.Release|Any CPU.ActiveCfg = Release|Any CPU
		{A064A752-6229-482F-B3FC-F4E39474C897}.Release|Any CPU.Build.0 = Release|Any CPU
		{0EAB58D9-76E5-4635-AB88-4008EE8BA499}.Debug|Any CPU.ActiveCfg = Debug|Any CPU
		{0EAB58D9-76E5-4635-AB88-4008EE8BA499}.Debug|Any CPU.Build.0 = Debug|Any CPU
		{0EAB58D9-76E5-4635-AB88-4008EE8BA499}.Release|Any CPU.ActiveCfg = Release|Any CPU
		{0EAB58D9-76E5-4635-AB88-4008EE8BA499}.Release|Any CPU.Build.0 = Release|Any CPU
	EndGlobalSection
	GlobalSection(NestedProjects) = preSolution
		{2572D419-6A79-4615-B4DB-E7DF58F2B253} = {0AA718F3-4629-4960-8600-1AAB34A438EF}
		{ED7741B6-A28E-4172-A9FD-666C9CA79BD3} = {2572D419-6A79-4615-B4DB-E7DF58F2B253}
		{0AD429BD-0A44-4A25-8632-AA671139AAF0} = {2572D419-6A79-4615-B4DB-E7DF58F2B253}
		{56180850-631E-4979-91BB-4D3CF2E82784} = {2572D419-6A79-4615-B4DB-E7DF58F2B253}
		{8E206791-A510-4C71-B05F-FABEC4654CFC} = {2572D419-6A79-4615-B4DB-E7DF58F2B253}
		{72C57D0B-7E2C-4750-8CF4-B245F3AF56EB} = {2572D419-6A79-4615-B4DB-E7DF58F2B253}
		{2C5F74B3-DE1B-46E5-A7BF-C7CD61A3FB59} = {0AA718F3-4629-4960-8600-1AAB34A438EF}
		{8EF837F9-C40B-460F-B7BC-1D1C93FD3401} = {0AA718F3-4629-4960-8600-1AAB34A438EF}
		{0CB5983F-7701-4C9B-9971-1517B299D5FA} = {0AA718F3-4629-4960-8600-1AAB34A438EF}
		{8F6022CB-0831-46AD-8679-2FE714DB259F} = {0CB5983F-7701-4C9B-9971-1517B299D5FA}
		{39361FB9-EAFD-418E-82EE-78DEB97B4A4E} = {0CB5983F-7701-4C9B-9971-1517B299D5FA}
		{ABC2A9E6-7DB4-469E-B31B-7AA496ED98B6} = {0CB5983F-7701-4C9B-9971-1517B299D5FA}
		{A064A752-6229-482F-B3FC-F4E39474C897} = {0CB5983F-7701-4C9B-9971-1517B299D5FA}
		{0EAB58D9-76E5-4635-AB88-4008EE8BA499} = {0CB5983F-7701-4C9B-9971-1517B299D5FA}
	EndGlobalSection
EndGlobal
